# This file is automatically @generated by Cargo.
# It is not intended for manual editing.
version = 3

[[package]]
name = "advapi32-sys"
version = "0.1.2"
source = "registry+https://github.com/rust-lang/crates.io-index"
checksum = "307c92332867e586720c0222ee9d890bbe8431711efed8a1b06bc5b40fc66bd7"
dependencies = [
 "winapi",
 "winapi-build",
]

[[package]]
name = "argparse"
version = "0.2.1"
source = "registry+https://github.com/rust-lang/crates.io-index"
checksum = "37bb99f5e39ee8b23b6e227f5b8f024207e8616f44aa4b8c76ecd828011667ef"

[[package]]
name = "bitflags"
version = "0.3.3"
source = "registry+https://github.com/rust-lang/crates.io-index"
checksum = "32866f4d103c4e438b1db1158aa1b1a80ee078e5d77a59a2f906fd62a577389c"

[[package]]
name = "cookie"
version = "0.2.2"
source = "registry+https://github.com/rust-lang/crates.io-index"
checksum = "2fa3d3deaa24f00707d1806cd880e851bb1733571599797ba892d39638d504f9"
dependencies = [
 "openssl",
 "rustc-serialize",
 "time",
 "url",
]

[[package]]
name = "gcc"
version = "0.3.21"
source = "registry+https://github.com/rust-lang/crates.io-index"
checksum = "ca10e3e1f1c8278047da19b94dc17c4397861150d5fbcea052eedb1d9847d356"
dependencies = [
 "advapi32-sys",
 "winapi",
]

[[package]]
name = "gdi32-sys"
version = "0.1.1"
source = "registry+https://github.com/rust-lang/crates.io-index"
checksum = "65256ec4dc2592e6f05bfc1ca3b956a4e0698aa90b1dff1f5687d55a5a3fd59a"
dependencies = [
 "winapi",
]

[[package]]
name = "hpack"
version = "0.2.0"
source = "registry+https://github.com/rust-lang/crates.io-index"
checksum = "3d2da7d3a34cf6406d9d700111b8eafafe9a251de41ae71d8052748259343b58"
dependencies = [
 "log",
]

[[package]]
name = "httparse"
version = "1.1.0"
source = "registry+https://github.com/rust-lang/crates.io-index"
checksum = "27eb5cd45d161db11659afaddd88190fbf189a426b9477b68b45a1ab7e6228a1"

[[package]]
name = "hyper"
version = "0.7.1"
source = "registry+https://github.com/rust-lang/crates.io-index"
checksum = "384207e64cf1e509e63d95e16ce0059927dbd509afb5369b59b6dbf5ed84e7bf"
dependencies = [
 "cookie",
 "httparse",
 "language-tags",
 "log",
 "mime",
 "num_cpus",
 "openssl",
 "rustc-serialize",
 "solicit",
 "time",
 "traitobject",
 "typeable",
 "unicase",
 "url",
]

[[package]]
name = "kernel32-sys"
version = "0.2.1"
source = "registry+https://github.com/rust-lang/crates.io-index"
checksum = "b5b5e7edf375e6d26243bde172f1d5ed1446f4a766fc9b7006e1fd27258243f1"
dependencies = [
 "winapi",
 "winapi-build",
]

[[package]]
name = "language-tags"
version = "0.2.0"
source = "registry+https://github.com/rust-lang/crates.io-index"
checksum = "ed3ef0cf3121570b78e685deb11670e53c575c3eb40cdffc39c4328db8e31244"

[[package]]
name = "lazy_static"
version = "0.1.15"
source = "registry+https://github.com/rust-lang/crates.io-index"
checksum = "547fd11b0400fbab39f7a6df53c648cfb01b977233015d9e0784d595a5a6c449"

[[package]]
name = "libc"
version = "0.2.4"
source = "registry+https://github.com/rust-lang/crates.io-index"
checksum = "10569e57695cc2c91ca4214357907649c9e242dc822c9ae623d0e0b0d68aa4d9"

[[package]]
name = "libressl-pnacl-sys"
version = "2.1.6"
source = "registry+https://github.com/rust-lang/crates.io-index"
checksum = "cbc058951ab6a3ef35ca16462d7642c4867e6403520811f28537a4e2f2db3e71"
dependencies = [
 "pnacl-build-helper",
]

[[package]]
name = "log"
version = "0.3.4"
source = "registry+https://github.com/rust-lang/crates.io-index"
checksum = "b72ac28ae1b8682bad8b149f4c009c123c40923c1cc1d63acda6508276a84611"
dependencies = [
 "libc",
]

[[package]]
name = "matches"
version = "0.1.2"
source = "registry+https://github.com/rust-lang/crates.io-index"
checksum = "15305656809ce5a4805b1ff2946892810992197ce1270ff79baded852187942e"

[[package]]
name = "mime"
version = "0.1.1"
source = "registry+https://github.com/rust-lang/crates.io-index"
checksum = "6d6d35d8a5f47095d5bfa759d7587034ddb72f4f8bab5022483475bd436601e0"
dependencies = [
 "log",
 "serde",
]

[[package]]
name = "num"
version = "0.1.29"
source = "registry+https://github.com/rust-lang/crates.io-index"
checksum = "57d22dea157e908496e5f1d5d662fcc75fecbc923aecf847f3c0ab14952c44e2"
dependencies = [
 "rand",
 "rustc-serialize",
]

[[package]]
name = "num_cpus"
version = "0.2.10"
source = "registry+https://github.com/rust-lang/crates.io-index"
checksum = "d8662bc744a09992bce099d65444efec4138089edf4f1f3661df0006652a6557"
dependencies = [
 "kernel32-sys",
 "libc",
 "winapi",
]

[[package]]
name = "openssl"
version = "0.7.4"
source = "registry+https://github.com/rust-lang/crates.io-index"
checksum = "e9fc8c20bff188efae54bee18cd948037062c68dd1309c14420fdbcc09ee2645"
dependencies = [
 "bitflags",
 "gcc",
 "lazy_static",
 "libc",
 "openssl-sys",
 "openssl-sys-extras",
]

[[package]]
name = "openssl-sys"
version = "0.7.4"
source = "registry+https://github.com/rust-lang/crates.io-index"
checksum = "effd4a580fd79180235ef63e7f88157874c56eed2161c708a51596fc908afe31"
dependencies = [
 "gdi32-sys",
 "libc",
 "libressl-pnacl-sys",
 "pkg-config",
 "user32-sys",
]

[[package]]
name = "openssl-sys-extras"
version = "0.7.4"
source = "registry+https://github.com/rust-lang/crates.io-index"
checksum = "f66e7841823b0c076888ae4133c794516ed5e4f49b5d916467d2c092b91a7e18"
dependencies = [
 "gcc",
 "libc",
 "openssl-sys",
]

[[package]]
name = "pkg-config"
version = "0.3.6"
source = "registry+https://github.com/rust-lang/crates.io-index"
checksum = "e22680bde24ca417a3a7fc1036ead9acf0a0af007217c955f61c0eaa903edb2f"

[[package]]
name = "pnacl-build-helper"
version = "1.4.10"
source = "registry+https://github.com/rust-lang/crates.io-index"
checksum = "61c9231d31aea845007443d62fcbb58bb6949ab9c18081ee1e09920e0cf1118b"
dependencies = [
 "tempdir",
]

[[package]]
name = "rand"
version = "0.3.12"
source = "registry+https://github.com/rust-lang/crates.io-index"
checksum = "5eee40bdf3d293e1648490ab47e5471d9ab3e455e6b0bd48e558c454be4a015e"
dependencies = [
 "advapi32-sys",
 "libc",
 "winapi",
]

[[package]]
name = "rustc-serialize"
version = "0.3.16"
source = "registry+https://github.com/rust-lang/crates.io-index"
checksum = "1a48546a64cae47d06885e9bccadb99d0547d877a94c5167fa451ea33a484456"

[[package]]
name = "rustc_version"
version = "0.1.4"
source = "registry+https://github.com/rust-lang/crates.io-index"
checksum = "fc6511729db72b34baae75b74b509cdb9f24630ae47cf1c9ab320035cbe5396d"
dependencies = [
 "semver",
]

[[package]]
name = "semver"
version = "0.1.20"
source = "registry+https://github.com/rust-lang/crates.io-index"
checksum = "d4f410fedcf71af0345d7607d246e7ad15faaadd49d240ee3b24e5dc21a820ac"

[[package]]
name = "serde"
version = "0.6.7"
source = "registry+https://github.com/rust-lang/crates.io-index"
checksum = "ae050127bb777f314f2bd9c67aee5e7e90e5fc35af9a2a10606fe3a1782aa0a5"
dependencies = [
 "num",
]

[[package]]
name = "solicit"
version = "0.4.4"
source = "registry+https://github.com/rust-lang/crates.io-index"
checksum = "172382bac9424588d7840732b250faeeef88942e37b6e35317dce98cafdd75b2"
dependencies = [
 "hpack",
 "log",
]

[[package]]
name = "st_petersburg_paradox"
version = "0.1.0"
dependencies = [
 "argparse",
 "hyper",
 "rand",
]

[[package]]
name = "tempdir"
version = "0.3.4"
source = "registry+https://github.com/rust-lang/crates.io-index"
checksum = "0b62933a3f96cd559700662c34f8bab881d9e3540289fb4f368419c7f13a5aa9"
dependencies = [
 "rand",
]

[[package]]
name = "time"
version = "0.1.34"
source = "registry+https://github.com/rust-lang/crates.io-index"
checksum = "8c4aeaa1c95974f5763c3a5ac0db95a19793589bcea5d22e161b5587e3aad029"
dependencies = [
 "kernel32-sys",
 "libc",
 "winapi",
]

[[package]]
name = "traitobject"
version = "0.0.1"
source = "registry+https://github.com/rust-lang/crates.io-index"
checksum = "07eaeb7689bb7fca7ce15628319635758eda769fed481ecfe6686ddef2600616"

[[package]]
name = "typeable"
version = "0.1.2"
source = "registry+https://github.com/rust-lang/crates.io-index"
checksum = "1410f6f91f21d1612654e7cc69193b0334f909dcf2c790c4826254fbb86f8887"

[[package]]
name = "unicase"
version = "1.1.1"
source = "registry+https://github.com/rust-lang/crates.io-index"
checksum = "e91a4c659c62382ac88635973049b50b22b8f648ef604967bf5aa5a4cbef7b4f"
dependencies = [
 "rustc_version",
]

[[package]]
name = "url"
version = "0.5.2"
source = "registry+https://github.com/rust-lang/crates.io-index"
checksum = "9953ea60b40337ad33bd9395167a833f296fec66df83ed3f5cb23da28566c309"
dependencies = [
 "matches",
 "rustc-serialize",
 "uuid",
]

[[package]]
name = "user32-sys"
version = "0.1.2"
source = "registry+https://github.com/rust-lang/crates.io-index"
checksum = "6717129de5ac253f5642fc78a51d0c7de6f9f53d617fc94e9bae7f6e71cf5504"
dependencies = [
 "winapi",
 "winapi-build",
]

[[package]]
name = "uuid"
version = "0.1.18"
source = "registry+https://github.com/rust-lang/crates.io-index"
checksum = "78c590b5bd79ed10aad8fb75f078a59d8db445af6c743e55c4a53227fc01c13f"
dependencies = [
 "rand",
 "rustc-serialize",
]

[[package]]
name = "winapi"
version = "0.2.5"
source = "registry+https://github.com/rust-lang/crates.io-index"
checksum = "dc3583688b861fcd83c2823d37cf2cd2446c233dd7ba3f97884d1a7302817537"

[[package]]
name = "winapi-build"
version = "0.1.1"
source = "registry+https://github.com/rust-lang/crates.io-index"
checksum = "2d315eee3b34aca4797b2da6b13ed88266e6d612562a0c46390af8299fc699bc"
